
Microsoft Visual Studio Solution File, Format Version 12.00
# Visual Studio Version 17
VisualStudioVersion = 17.12.35527.113 d17.12
MinimumVisualStudioVersion = 10.0.40219.1
Project("{FAE04EC0-301F-11D3-BF4B-00C04F79EFBC}") = "RegexNodeGraph", "RegexGraph\RegexNodeGraph.csproj", "{A01222EB-E8E0-4625-B1AD-E80EB680D5FB}"
EndProject
Project("{FAE04EC0-301F-11D3-BF4B-00C04F79EFBC}") = "RegexNodeGraph.Tests", "RegexGraph.Test\RegexNodeGraph.Tests.csproj", "{5A0D0C7D-AA9D-41FF-B057-20414AB77D9D}"
EndProject
Global
	GlobalSection(SolutionConfigurationPlatforms) = preSolution
		Debug|Any CPU = Debug|Any CPU
		Release|Any CPU = Release|Any CPU
	EndGlobalSection
	GlobalSection(ProjectConfigurationPlatforms) = postSolution
		{A01222EB-E8E0-4625-B1AD-E80EB680D5FB}.Debug|Any CPU.ActiveCfg = Debug|Any CPU
		{A01222EB-E8E0-4625-B1AD-E80EB680D5FB}.Debug|Any CPU.Build.0 = Debug|Any CPU
		{A01222EB-E8E0-4625-B1AD-E80EB680D5FB}.Release|Any CPU.ActiveCfg = Release|Any CPU
		{A01222EB-E8E0-4625-B1AD-E80EB680D5FB}.Release|Any CPU.Build.0 = Release|Any CPU
		{5A0D0C7D-AA9D-41FF-B057-20414AB77D9D}.Debug|Any CPU.ActiveCfg = Debug|Any CPU
		{5A0D0C7D-AA9D-41FF-B057-20414AB77D9D}.Debug|Any CPU.Build.0 = Debug|Any CPU
		{5A0D0C7D-AA9D-41FF-B057-20414AB77D9D}.Release|Any CPU.ActiveCfg = Release|Any CPU
		{5A0D0C7D-AA9D-41FF-B057-20414AB77D9D}.Release|Any CPU.Build.0 = Release|Any CPU
	EndGlobalSection
	GlobalSection(SolutionProperties) = preSolution
		HideSolutionNode = FALSE
	EndGlobalSection
EndGlobal
